
Microsoft Visual Studio Solution File, Format Version 12.00
# Visual Studio Version 16
VisualStudioVersion = 16.0.30621.155
MinimumVisualStudioVersion = 10.0.40219.1
Project("{FAE04EC0-301F-11D3-BF4B-00C04F79EFBC}") = "RentalManagement", "RentalManagement.csproj", "{7ADD28AE-52DB-4B29-9D42-AA453C7AEBDC}"
EndProject
Global
	GlobalSection(SolutionConfigurationPlatforms) = preSolution
		Debug|Any CPU = Debug|Any CPU
		Release|Any CPU = Release|Any CPU
	EndGlobalSection
	GlobalSection(ProjectConfigurationPlatforms) = postSolution
		{7ADD28AE-52DB-4B29-9D42-AA453C7AEBDC}.Debug|Any CPU.ActiveCfg = Debug|Any CPU
		{7ADD28AE-52DB-4B29-9D42-AA453C7AEBDC}.Debug|Any CPU.Build.0 = Debug|Any CPU
		{7ADD28AE-52DB-4B29-9D42-AA453C7AEBDC}.Release|Any CPU.ActiveCfg = Release|Any CPU
		{7ADD28AE-52DB-4B29-9D42-AA453C7AEBDC}.Release|Any CPU.Build.0 = Release|Any CPU
	EndGlobalSection
	GlobalSection(SolutionProperties) = preSolution
		HideSolutionNode = FALSE
	EndGlobalSection
	GlobalSection(ExtensibilityGlobals) = postSolution
		SolutionGuid = {BF76583E-8352-4F80-905F-E81A9EF28D95}
	EndGlobalSection
EndGlobal
